("quicklisp" .
 (:class qlot/source/dist:source-dist
  :initargs (:distribution "http://beta.quicklisp.org/dist/quicklisp.txt" :%version :latest)
  :version "2023-02-15"))
("alexandria" .
 (:class qlot/source/ql:source-ql
  :initargs (:%version :latest)
  :version "ql-2023-02-15"))
("dexador" .
 (:class qlot/source/ql:source-ql
  :initargs (:%version :latest)
  :version "ql-2023-02-15"))
("quri" .
 (:class qlot/source/ql:source-ql
  :initargs (:%version :latest)
  :version "ql-2023-02-15"))
("nrdl" .
 (:class qlot/source/git:source-git
  :initargs (:remote-url "git@git.sr.ht:~skin/nrdl" :branch "main")
  :version "git-d53f6fb41273df91d72cd2af6a1485c916016711"))
